// !$*UTF8*$!
{
	archiveVersion = 1;
	classes = {
	};
	objectVersion = 50;
	objects = {

/* Begin PBXBuildFile section */
		ED6EEF602715C6D200D4EFE9 /* AppDelegate.swift in Sources */ = {isa = PBXBuildFile; fileRef = ED6EEF5F2715C6D200D4EFE9 /* AppDelegate.swift */; };
		ED6EEF622715C6D200D4EFE9 /* SceneDelegate.swift in Sources */ = {isa = PBXBuildFile; fileRef = ED6EEF612715C6D200D4EFE9 /* SceneDelegate.swift */; };
		ED6EEF642715C6D200D4EFE9 /* ViewController.swift in Sources */ = {isa = PBXBuildFile; fileRef = ED6EEF632715C6D200D4EFE9 /* ViewController.swift */; };
		ED6EEF672715C6D200D4EFE9 /* Main.storyboard in Resources */ = {isa = PBXBuildFile; fileRef = ED6EEF652715C6D200D4EFE9 /* Main.storyboard */; };
		ED6EEF692715C6D300D4EFE9 /* Assets.xcassets in Resources */ = {isa = PBXBuildFile; fileRef = ED6EEF682715C6D300D4EFE9 /* Assets.xcassets */; };
		ED6EEF6C2715C6D300D4EFE9 /* LaunchScreen.storyboard in Resources */ = {isa = PBXBuildFile; fileRef = ED6EEF6A2715C6D300D4EFE9 /* LaunchScreen.storyboard */; };
/* End PBXBuildFile section */

/* Begin PBXFileReference section */
		ED6EEF5C2715C6D200D4EFE9 /* HobbyRandomizer.app */ = {isa = PBXFileReference; explicitFileType = wrapper.application; includeInIndex = 0; path = HobbyRandomizer.app; sourceTree = BUILT_PRODUCTS_DIR; };
		ED6EEF5F2715C6D200D4EFE9 /* AppDelegate.swift */ = {isa = PBXFileReference; lastKnownFileType = sourcecode.swift; path = AppDelegate.swift; sourceTree = "<group>"; };
		ED6EEF612715C6D200D4EFE9 /* SceneDelegate.swift */ = {isa = PBXFileReference; lastKnownFileType = sourcecode.swift; path = SceneDelegate.swift; sourceTree = "<group>"; };
		ED6EEF632715C6D200D4EFE9 /* ViewController.swift */ = {isa = PBXFileReference; lastKnownFileType = sourcecode.swift; path = ViewController.swift; sourceTree = "<group>"; };
		ED6EEF662715C6D200D4EFE9 /* Base */ = {isa = PBXFileReference; lastKnownFileType = file.storyboard; name = Base; path = Base.lproj/Main.storyboard; sourceTree = "<group>"; };
		ED6EEF682715C6D300D4EFE9 /* Assets.xcassets */ = {isa = PBXFileReference; lastKnownFileType = folder.assetcatalog; path = Assets.xcassets; sourceTree = "<group>"; };
		ED6EEF6B2715C6D300D4EFE9 /* Base */ = {isa = PBXFileReference; lastKnownFileType = file.storyboard; name = Base; path = Base.lproj/LaunchScreen.storyboard; sourceTree = "<group>"; };
		ED6EEF6D2715C6D300D4EFE9 /* Info.plist */ = {isa = PBXFileReference; lastKnownFileType = text.plist.xml; path = Info.plist; sourceTree = "<group>"; };
/* End PBXFileReference section */

/* Begin PBXFrameworksBuildPhase section */
		ED6EEF592715C6D200D4EFE9 /* Frameworks */ = {
			isa = PBXFrameworksBuildPhase;
			buildActionMask = 2147483647;
			files = (
			);
			runOnlyForDeploymentPostprocessing = 0;
		};
/* End PBXFrameworksBuildPhase section */

/* Begin PBXGroup section */
		ED6EEF532715C6D200D4EFE9 = {
			isa = PBXGroup;
			children = (
				ED6EEF5E2715C6D200D4EFE9 /* HobbyRandomizer */,
				ED6EEF5D2715C6D200D4EFE9 /* Products */,
			);
			sourceTree = "<group>";
		};
		ED6EEF5D2715C6D200D4EFE9 /* Products */ = {
			isa = PBXGroup;
			children = (
				ED6EEF5C2715C6D200D4EFE9 /* HobbyRandomizer.app */,
			);
			name = Products;
			sourceTree = "<group>";
		};
		ED6EEF5E2715C6D200D4EFE9 /* HobbyRandomizer */ = {
			isa = PBXGroup;
			children = (
				ED6EEF5F2715C6D200D4EFE9 /* AppDelegate.swift */,
				ED6EEF612715C6D200D4EFE9 /* SceneDelegate.swift */,
				ED6EEF632715C6D200D4EFE9 /* ViewController.swift */,
				ED6EEF652715C6D200D4EFE9 /* Main.storyboard */,
				ED6EEF682715C6D300D4EFE9 /* Assets.xcassets */,
				ED6EEF6A2715C6D300D4EFE9 /* LaunchScreen.storyboard */,
				ED6EEF6D2715C6D300D4EFE9 /* Info.plist */,
			);
			path = HobbyRandomizer;
			sourceTree = "<group>";
		};
/* End PBXGroup section */

/* Begin PBXNativeTarget section */
		ED6EEF5B2715C6D200D4EFE9 /* HobbyRandomizer */ = {
			isa = PBXNativeTarget;
			buildConfigurationList = ED6EEF702715C6D300D4EFE9 /* Build configuration list for PBXNativeTarget "HobbyRandomizer" */;
			buildPhases = (
				ED6EEF582715C6D200D4EFE9 /* Sources */,
				ED6EEF592715C6D200D4EFE9 /* Frameworks */,
				ED6EEF5A2715C6D200D4EFE9 /* Resources */,
			);
			buildRules = (
			);
			dependencies = (
			);
			name = HobbyRandomizer;
			productName = HobbyRandomizer;
			productReference = ED6EEF5C2715C6D200D4EFE9 /* HobbyRandomizer.app */;
			productType = "com.apple.product-type.application";
		};
/* End PBXNativeTarget section */

/* Begin PBXProject section */
		ED6EEF542715C6D200D4EFE9 /* Project object */ = {
			isa = PBXProject;
			attributes = {
				LastSwiftUpdateCheck = 1250;
				LastUpgradeCheck = 1250;
				TargetAttributes = {
					ED6EEF5B2715C6D200D4EFE9 = {
						CreatedOnToolsVersion = 12.5.1;
					};
				};
			};
			buildConfigurationList = ED6EEF572715C6D200D4EFE9 /* Build configuration list for PBXProject "HobbyRandomizer" */;
			compatibilityVersion = "Xcode 9.3";
			developmentRegion = en;
			hasScannedForEncodings = 0;
			knownRegions = (
				en,
				Base,
			);
			mainGroup = ED6EEF532715C6D200D4EFE9;
			productRefGroup = ED6EEF5D2715C6D200D4EFE9 /* Products */;
			projectDirPath = "";
			projectRoot = "";
			targets = (
				ED6EEF5B2715C6D200D4EFE9 /* HobbyRandomizer */,
			);
		};
/* End PBXProject section */

/* Begin PBXResourcesBuildPhase section */
		ED6EEF5A2715C6D200D4EFE9 /* Resources */ = {
			isa = PBXResourcesBuildPhase;
			buildActionMask = 2147483647;
			files = (
				ED6EEF6C2715C6D300D4EFE9 /* LaunchScreen.storyboard in Resources */,
				ED6EEF692715C6D300D4EFE9 /* Assets.xcassets in Resources */,
				ED6EEF672715C6D200D4EFE9 /* Main.storyboard in Resources */,
			);
			runOnlyForDeploymentPostprocessing = 0;
		};
/* End PBXResourcesBuildPhase section */

/* Begin PBXSourcesBuildPhase section */
		ED6EEF582715C6D200D4EFE9 /* Sources */ = {
			isa = PBXSourcesBuildPhase;
			buildActionMask = 2147483647;
			files = (
				ED6EEF642715C6D200D4EFE9 /* ViewController.swift in Sources */,
				ED6EEF602715C6D200D4EFE9 /* AppDelegate.swift in Sources */,
				ED6EEF622715C6D200D4EFE9 /* SceneDelegate.swift in Sources */,
			);
			runOnlyForDeploymentPostprocessing = 0;
		};
/* End PBXSourcesBuildPhase section */

/* Begin PBXVariantGroup section */
		ED6EEF652715C6D200D4EFE9 /* Main.storyboard */ = {
			isa = PBXVariantGroup;
			children = (
				ED6EEF662715C6D200D4EFE9 /* Base */,
			);
			name = Main.storyboard;
			sourceTree = "<group>";
		};
		ED6EEF6A2715C6D300D4EFE9 /* LaunchScreen.storyboard */ = {
			isa = PBXVariantGroup;
			children = (
				ED6EEF6B2715C6D300D4EFE9 /* Base */,
			);
			name = LaunchScreen.storyboard;
			sourceTree = "<group>";
		};
/* End PBXVariantGroup section */

/* Begin XCBuildConfiguration section */
		ED6EEF6E2715C6D300D4EFE9 /* Debug */ = {
			isa = XCBuildConfiguration;
			buildSettings = {
				ALWAYS_SEARCH_USER_PATHS = NO;
				CLANG_ANALYZER_NONNULL = YES;
				CLANG_ANALYZER_NUMBER_OBJECT_CONVERSION = YES_AGGRESSIVE;
				CLANG_CXX_LANGUAGE_STANDARD = "gnu++14";
				CLANG_CXX_LIBRARY = "libc++";
				CLANG_ENABLE_MODULES = YES;
				CLANG_ENABLE_OBJC_ARC = YES;
				CLANG_ENABLE_OBJC_WEAK = YES;
				CLANG_WARN_BLOCK_CAPTURE_AUTORELEASING = YES;
				CLANG_WARN_BOOL_CONVERSION = YES;
				CLANG_WARN_COMMA = YES;
				CLANG_WARN_CONSTANT_CONVERSION = YES;
				CLANG_WARN_DEPRECATED_OBJC_IMPLEMENTATIONS = YES;
				CLANG_WARN_DIRECT_OBJC_ISA_USAGE = YES_ERROR;
				CLANG_WARN_DOCUMENTATION_COMMENTS = YES;
				CLANG_WARN_EMPTY_BODY = YES;
				CLANG_WARN_ENUM_CONVERSION = YES;
				CLANG_WARN_INFINITE_RECURSION = YES;
				CLANG_WARN_INT_CONVERSION = YES;
				CLANG_WARN_NON_LITERAL_NULL_CONVERSION = YES;
				CLANG_WARN_OBJC_IMPLICIT_RETAIN_SELF = YES;
				CLANG_WARN_OBJC_LITERAL_CONVERSION = YES;
				CLANG_WARN_OBJC_ROOT_CLASS = YES_ERROR;
				CLANG_WARN_QUOTED_INCLUDE_IN_FRAMEWORK_HEADER = YES;
				CLANG_WARN_RANGE_LOOP_ANALYSIS = YES;
				CLANG_WARN_STRICT_PROTOTYPES = YES;
				CLANG_WARN_SUSPICIOUS_MOVE = YES;
				CLANG_WARN_UNGUARDED_AVAILABILITY = YES_AGGRESSIVE;
				CLANG_WARN_UNREACHABLE_CODE = YES;
				CLANG_WARN__DUPLICATE_METHOD_MATCH = YES;
				COPY_PHASE_STRIP = NO;
				DEBUG_INFORMATION_FORMAT = dwarf;
				ENABLE_STRICT_OBJC_MSGSEND = YES;
				ENABLE_TESTABILITY = YES;
				GCC_C_LANGUAGE_STANDARD = gnu11;
				GCC_DYNAMIC_NO_PIC = NO;
				GCC_NO_COMMON_BLOCKS = YES;
				GCC_OPTIMIZATION_LEVEL = 0;
				GCC_PREPROCESSOR_DEFINITIONS = (
					"DEBUG=1",
					"$(inherited)",
				);
				GCC_WARN_64_TO_32_BIT_CONVERSION = YES;
				GCC_WARN_ABOUT_RETURN_TYPE = YES_ERROR;
				GCC_WARN_UNDECLARED_SELECTOR = YES;
				GCC_WARN_UNINITIALIZED_AUTOS = YES_AGGRESSIVE;
				GCC_WARN_UNUSED_FUNCTION = YES;
				GCC_WARN_UNUSED_VARIABLE = YES;
				IPHONEOS_DEPLOYMENT_TARGET = 14.5;
				MTL_ENABLE_DEBUG_INFO = INCLUDE_SOURCE;
				MTL_FAST_MATH = YES;
				ONLY_ACTIVE_ARCH = YES;
				SDKROOT = iphoneos;
				SWIFT_ACTIVE_COMPILATION_CONDITIONS = DEBUG;
				SWIFT_OPTIMIZATION_LEVEL = "-Onone";
			};
			name = Debug;
		};
		ED6EEF6F2715C6D300D4EFE9 /* Release */ = {
			isa = XCBuildConfiguration;
			buildSettings = {
				ALWAYS_SEARCH_USER_PATHS = NO;
				CLANG_ANALYZER_NONNULL = YES;
				CLANG_ANALYZER_NUMBER_OBJECT_CONVERSION = YES_AGGRESSIVE;
				CLANG_CXX_LANGUAGE_STANDARD = "gnu++14";
				CLANG_CXX_LIBRARY = "libc++";
				CLANG_ENABLE_MODULES = YES;
				CLANG_ENABLE_OBJC_ARC = YES;
				CLANG_ENABLE_OBJC_WEAK = YES;
				CLANG_WARN_BLOCK_CAPTURE_AUTORELEASING = YES;
				CLANG_WARN_BOOL_CONVERSION = YES;
				CLANG_WARN_COMMA = YES;
				CLANG_WARN_CONSTANT_CONVERSION = YES;
				CLANG_WARN_DEPRECATED_OBJC_IMPLEMENTATIONS = YES;
				CLANG_WARN_DIRECT_OBJC_ISA_USAGE = YES_ERROR;
				CLANG_WARN_DOCUMENTATION_COMMENTS = YES;
				CLANG_WARN_EMPTY_BODY = YES;
				CLANG_WARN_ENUM_CONVERSION = YES;
				CLANG_WARN_INFINITE_RECURSION = YES;
				CLANG_WARN_INT_CONVERSION = YES;
				CLANG_WARN_NON_LITERAL_NULL_CONVERSION = YES;
				CLANG_WARN_OBJC_IMPLICIT_RETAIN_SELF = YES;
				CLANG_WARN_OBJC_LITERAL_CONVERSION = YES;
				CLANG_WARN_OBJC_ROOT_CLASS = YES_ERROR;
				CLANG_WARN_QUOTED_INCLUDE_IN_FRAMEWORK_HEADER = YES;
				CLANG_WARN_RANGE_LOOP_ANALYSIS = YES;
				CLANG_WARN_STRICT_PROTOTYPES = YES;
				CLANG_WARN_SUSPICIOUS_MOVE = YES;
				CLANG_WARN_UNGUARDED_AVAILABILITY = YES_AGGRESSIVE;
				CLANG_WARN_UNREACHABLE_CODE = YES;
				CLANG_WARN__DUPLICATE_METHOD_MATCH = YES;
				COPY_PHASE_STRIP = NO;
				DEBUG_INFORMATION_FORMAT = "dwarf-with-dsym";
				ENABLE_NS_ASSERTIONS = NO;
				ENABLE_STRICT_OBJC_MSGSEND = YES;
				GCC_C_LANGUAGE_STANDARD = gnu11;
				GCC_NO_COMMON_BLOCKS = YES;
				GCC_WARN_64_TO_32_BIT_CONVERSION = YES;
				GCC_WARN_ABOUT_RETURN_TYPE = YES_ERROR;
				GCC_WARN_UNDECLARED_SELECTOR = YES;
				GCC_WARN_UNINITIALIZED_AUTOS = YES_AGGRESSIVE;
				GCC_WARN_UNUSED_FUNCTION = YES;
				GCC_WARN_UNUSED_VARIABLE = YES;
				IPHONEOS_DEPLOYMENT_TARGET = 14.5;
				MTL_ENABLE_DEBUG_INFO = NO;
				MTL_FAST_MATH = YES;
				SDKROOT = iphoneos;
				SWIFT_COMPILATION_MODE = wholemodule;
				SWIFT_OPTIMIZATION_LEVEL = "-O";
				VALIDATE_PRODUCT = YES;
			};
			name = Release;
		};
		ED6EEF712715C6D300D4EFE9 /* Debug */ = {
			isa = XCBuildConfiguration;
			buildSettings = {
				ASSETCATALOG_COMPILER_APPICON_NAME = AppIcon;
				ASSETCATALOG_COMPILER_GLOBAL_ACCENT_COLOR_NAME = AccentColor;
				CODE_SIGN_STYLE = Automatic;
				DEVELOPMENT_TEAM = AZ84GAYU68;
				INFOPLIST_FILE = HobbyRandomizer/Info.plist;
				LD_RUNPATH_SEARCH_PATHS = (
					"$(inherited)",
					"@executable_path/Frameworks",
				);
				PRODUCT_BUNDLE_IDENTIFIER = "com.ipinguin-linuxoid.HobbyRandomizer";
				PRODUCT_NAME = "$(TARGET_NAME)";
				SWIFT_VERSION = 5.0;
				TARGETED_DEVICE_FAMILY = "1,2";
			};
			name = Debug;
		};
		ED6EEF722715C6D300D4EFE9 /* Release */ = {
			isa = XCBuildConfiguration;
			buildSettings = {
				ASSETCATALOG_COMPILER_APPICON_NAME = AppIcon;
				ASSETCATALOG_COMPILER_GLOBAL_ACCENT_COLOR_NAME = AccentColor;
				CODE_SIGN_STYLE = Automatic;
				DEVELOPMENT_TEAM = AZ84GAYU68;
				INFOPLIST_FILE = HobbyRandomizer/Info.plist;
				LD_RUNPATH_SEARCH_PATHS = (
					"$(inherited)",
					"@executable_path/Frameworks",
				);
				PRODUCT_BUNDLE_IDENTIFIER = "com.ipinguin-linuxoid.HobbyRandomizer";
				PRODUCT_NAME = "$(TARGET_NAME)";
				SWIFT_VERSION = 5.0;
				TARGETED_DEVICE_FAMILY = "1,2";
			};
			name = Release;
		};
/* End XCBuildConfiguration section */

/* Begin XCConfigurationList section */
		ED6EEF572715C6D200D4EFE9 /* Build configuration list for PBXProject "HobbyRandomizer" */ = {
			isa = XCConfigurationList;
			buildConfigurations = (
				ED6EEF6E2715C6D300D4EFE9 /* Debug */,
				ED6EEF6F2715C6D300D4EFE9 /* Release */,
			);
			defaultConfigurationIsVisible = 0;
			defaultConfigurationName = Release;
		};
		ED6EEF702715C6D300D4EFE9 /* Build configuration list for PBXNativeTarget "HobbyRandomizer" */ = {
			isa = XCConfigurationList;
			buildConfigurations = (
				ED6EEF712715C6D300D4EFE9 /* Debug */,
				ED6EEF722715C6D300D4EFE9 /* Release */,
			);
			defaultConfigurationIsVisible = 0;
			defaultConfigurationName = Release;
		};
/* End XCConfigurationList section */
	};
	rootObject = ED6EEF542715C6D200D4EFE9 /* Project object */;
}
