// !$*UTF8*$!
{
	archiveVersion = 1;
	classes = {
	};
	objectVersion = 50;
	objects = {

/* Begin PBXBuildFile section */
		ED025991271AFC8300FC8AD7 /* BaseAnimationObserver.swift in Sources */ = {isa = PBXBuildFile; fileRef = ED025990271AFC8300FC8AD7 /* BaseAnimationObserver.swift */; };
		ED36424B2717121D0083D578 /* CreateIdeaView.swift in Sources */ = {isa = PBXBuildFile; fileRef = ED36424A2717121D0083D578 /* CreateIdeaView.swift */; };
		ED36424D271712BF0083D578 /* CreateIdeaView.xib in Resources */ = {isa = PBXBuildFile; fileRef = ED36424C271712BF0083D578 /* CreateIdeaView.xib */; };
		ED36425327171B770083D578 /* RandomizerUtil.swift in Sources */ = {isa = PBXBuildFile; fileRef = ED36425227171B770083D578 /* RandomizerUtil.swift */; };
		ED3642552717209F0083D578 /* RandomizerUtil.xib in Resources */ = {isa = PBXBuildFile; fileRef = ED3642542717209F0083D578 /* RandomizerUtil.xib */; };
		ED364257271731D70083D578 /* BangButton.swift in Sources */ = {isa = PBXBuildFile; fileRef = ED364256271731D70083D578 /* BangButton.swift */; };
		ED364259271735980083D578 /* TestViewController.swift in Sources */ = {isa = PBXBuildFile; fileRef = ED364258271735980083D578 /* TestViewController.swift */; };
		ED36425B271735C90083D578 /* MainViewController.swift in Sources */ = {isa = PBXBuildFile; fileRef = ED36425A271735C90083D578 /* MainViewController.swift */; };
		ED36425E2717363E0083D578 /* RandomViewController.swift in Sources */ = {isa = PBXBuildFile; fileRef = ED36425D2717363E0083D578 /* RandomViewController.swift */; };
		ED36426127173F490083D578 /* HobbyCell.swift in Sources */ = {isa = PBXBuildFile; fileRef = ED36426027173F490083D578 /* HobbyCell.swift */; };
		ED36426327174FE80083D578 /* PrettyLabel.swift in Sources */ = {isa = PBXBuildFile; fileRef = ED36426227174FE80083D578 /* PrettyLabel.swift */; };
		ED364267271755000083D578 /* UserDefaultsStorage.swift in Sources */ = {isa = PBXBuildFile; fileRef = ED364266271755000083D578 /* UserDefaultsStorage.swift */; };
		ED364269271757090083D578 /* MainViewModel.swift in Sources */ = {isa = PBXBuildFile; fileRef = ED364268271757090083D578 /* MainViewModel.swift */; };
		ED4A3CBC2719B26E00084BB8 /* CasinoViewController.swift in Sources */ = {isa = PBXBuildFile; fileRef = ED4A3CBB2719B26E00084BB8 /* CasinoViewController.swift */; };
		ED4A3CBE271A056000084BB8 /* SettingsViewController.swift in Sources */ = {isa = PBXBuildFile; fileRef = ED4A3CBD271A056000084BB8 /* SettingsViewController.swift */; };
		ED4A3CC1271A0A8900084BB8 /* SettingCell.swift in Sources */ = {isa = PBXBuildFile; fileRef = ED4A3CC0271A0A8900084BB8 /* SettingCell.swift */; };
		ED4A3CC8271A315500084BB8 /* ValueAnimator.swift in Sources */ = {isa = PBXBuildFile; fileRef = ED4A3CC7271A315500084BB8 /* ValueAnimator.swift */; };
		ED4A3CCA271A50CB00084BB8 /* DetectSectorUtil.swift in Sources */ = {isa = PBXBuildFile; fileRef = ED4A3CC9271A50CB00084BB8 /* DetectSectorUtil.swift */; };
		ED4DF38927188A83007966EE /* CreateHobbyCell.swift in Sources */ = {isa = PBXBuildFile; fileRef = ED4DF38827188A83007966EE /* CreateHobbyCell.swift */; };
		ED5A6C4E284FC8DE0028BEED /* MenuCell.swift in Sources */ = {isa = PBXBuildFile; fileRef = ED5A6C4C284FC8DE0028BEED /* MenuCell.swift */; };
		ED5A6C4F284FC8DE0028BEED /* MenuCell.xib in Resources */ = {isa = PBXBuildFile; fileRef = ED5A6C4D284FC8DE0028BEED /* MenuCell.xib */; };
		ED5A6C51284FC8F00028BEED /* MenuCellModel.swift in Sources */ = {isa = PBXBuildFile; fileRef = ED5A6C50284FC8F00028BEED /* MenuCellModel.swift */; };
		ED5A6C56284FD0370028BEED /* MenuViewController.swift in Sources */ = {isa = PBXBuildFile; fileRef = ED5A6C54284FD0370028BEED /* MenuViewController.swift */; };
		ED5A6C57284FD0370028BEED /* MenuViewController.xib in Resources */ = {isa = PBXBuildFile; fileRef = ED5A6C55284FD0370028BEED /* MenuViewController.xib */; };
		ED5A6C5A284FD4D00028BEED /* Navigator.swift in Sources */ = {isa = PBXBuildFile; fileRef = ED5A6C59284FD4D00028BEED /* Navigator.swift */; };
		ED5A6C5C284FD5000028BEED /* NavigatorImpl.swift in Sources */ = {isa = PBXBuildFile; fileRef = ED5A6C5B284FD5000028BEED /* NavigatorImpl.swift */; };
		ED5A6C5E284FD59A0028BEED /* MenuPresenter.swift in Sources */ = {isa = PBXBuildFile; fileRef = ED5A6C5D284FD59A0028BEED /* MenuPresenter.swift */; };
		ED5A6C62284FE0740028BEED /* InitialViewController.swift in Sources */ = {isa = PBXBuildFile; fileRef = ED5A6C60284FE0740028BEED /* InitialViewController.swift */; };
		ED5A6C63284FE0740028BEED /* InitialViewController.xib in Resources */ = {isa = PBXBuildFile; fileRef = ED5A6C61284FE0740028BEED /* InitialViewController.xib */; };
		ED5F112C271772E3006454AD /* CasinoView.swift in Sources */ = {isa = PBXBuildFile; fileRef = ED5F112B271772E3006454AD /* CasinoView.swift */; };
		ED5F112E27177470006454AD /* RouleteView.swift in Sources */ = {isa = PBXBuildFile; fileRef = ED5F112D27177470006454AD /* RouleteView.swift */; };
		ED5F1130271774E7006454AD /* RouleteView.xib in Resources */ = {isa = PBXBuildFile; fileRef = ED5F112F271774E7006454AD /* RouleteView.xib */; };
		ED5F11332717823F006454AD /* BaseRotatableView.swift in Sources */ = {isa = PBXBuildFile; fileRef = ED5F11322717823F006454AD /* BaseRotatableView.swift */; };
		ED5F11352717C689006454AD /* extensions.swift in Sources */ = {isa = PBXBuildFile; fileRef = ED5F11342717C689006454AD /* extensions.swift */; };
		ED5F11382717C963006454AD /* Colors.xcassets in Resources */ = {isa = PBXBuildFile; fileRef = ED5F11372717C963006454AD /* Colors.xcassets */; };
		ED5F113A2717CC15006454AD /* CasinoSelectorView.swift in Sources */ = {isa = PBXBuildFile; fileRef = ED5F11392717CC15006454AD /* CasinoSelectorView.swift */; };
		ED6EEF602715C6D200D4EFE9 /* AppDelegate.swift in Sources */ = {isa = PBXBuildFile; fileRef = ED6EEF5F2715C6D200D4EFE9 /* AppDelegate.swift */; };
		ED6EEF622715C6D200D4EFE9 /* SceneDelegate.swift in Sources */ = {isa = PBXBuildFile; fileRef = ED6EEF612715C6D200D4EFE9 /* SceneDelegate.swift */; };
		ED6EEF672715C6D200D4EFE9 /* Main.storyboard in Resources */ = {isa = PBXBuildFile; fileRef = ED6EEF652715C6D200D4EFE9 /* Main.storyboard */; };
		ED6EEF692715C6D300D4EFE9 /* Assets.xcassets in Resources */ = {isa = PBXBuildFile; fileRef = ED6EEF682715C6D300D4EFE9 /* Assets.xcassets */; };
		ED6EEF6C2715C6D300D4EFE9 /* LaunchScreen.storyboard in Resources */ = {isa = PBXBuildFile; fileRef = ED6EEF6A2715C6D300D4EFE9 /* LaunchScreen.storyboard */; };
		ED6EEF762715C75300D4EFE9 /* HobbyModel.swift in Sources */ = {isa = PBXBuildFile; fileRef = ED6EEF752715C75300D4EFE9 /* HobbyModel.swift */; };
		ED6EEF782715C7DD00D4EFE9 /* RandomizerView.swift in Sources */ = {isa = PBXBuildFile; fileRef = ED6EEF772715C7DD00D4EFE9 /* RandomizerView.swift */; };
		EDA90D3D27167630009BDB20 /* SelectorView.swift in Sources */ = {isa = PBXBuildFile; fileRef = EDA90D3C27167630009BDB20 /* SelectorView.swift */; };
		EDD88CDC27354D310042D406 /* ViewDrawUtil.swift in Sources */ = {isa = PBXBuildFile; fileRef = EDD88CDB27354D310042D406 /* ViewDrawUtil.swift */; };
		EDD88CDE27354F810042D406 /* ViewCalculateUtil.swift in Sources */ = {isa = PBXBuildFile; fileRef = EDD88CDD27354F810042D406 /* ViewCalculateUtil.swift */; };
/* End PBXBuildFile section */

/* Begin PBXFileReference section */
		ED025990271AFC8300FC8AD7 /* BaseAnimationObserver.swift */ = {isa = PBXFileReference; lastKnownFileType = sourcecode.swift; path = BaseAnimationObserver.swift; sourceTree = "<group>"; };
		ED36424A2717121D0083D578 /* CreateIdeaView.swift */ = {isa = PBXFileReference; lastKnownFileType = sourcecode.swift; path = CreateIdeaView.swift; sourceTree = "<group>"; };
		ED36424C271712BF0083D578 /* CreateIdeaView.xib */ = {isa = PBXFileReference; lastKnownFileType = file.xib; path = CreateIdeaView.xib; sourceTree = "<group>"; };
		ED36425227171B770083D578 /* RandomizerUtil.swift */ = {isa = PBXFileReference; lastKnownFileType = sourcecode.swift; path = RandomizerUtil.swift; sourceTree = "<group>"; };
		ED3642542717209F0083D578 /* RandomizerUtil.xib */ = {isa = PBXFileReference; lastKnownFileType = file.xib; path = RandomizerUtil.xib; sourceTree = "<group>"; };
		ED364256271731D70083D578 /* BangButton.swift */ = {isa = PBXFileReference; lastKnownFileType = sourcecode.swift; path = BangButton.swift; sourceTree = "<group>"; };
		ED364258271735980083D578 /* TestViewController.swift */ = {isa = PBXFileReference; lastKnownFileType = sourcecode.swift; path = TestViewController.swift; sourceTree = "<group>"; };
		ED36425A271735C90083D578 /* MainViewController.swift */ = {isa = PBXFileReference; lastKnownFileType = sourcecode.swift; path = MainViewController.swift; sourceTree = "<group>"; };
		ED36425D2717363E0083D578 /* RandomViewController.swift */ = {isa = PBXFileReference; lastKnownFileType = sourcecode.swift; path = RandomViewController.swift; sourceTree = "<group>"; };
		ED36426027173F490083D578 /* HobbyCell.swift */ = {isa = PBXFileReference; lastKnownFileType = sourcecode.swift; path = HobbyCell.swift; sourceTree = "<group>"; };
		ED36426227174FE80083D578 /* PrettyLabel.swift */ = {isa = PBXFileReference; lastKnownFileType = sourcecode.swift; path = PrettyLabel.swift; sourceTree = "<group>"; };
		ED364266271755000083D578 /* UserDefaultsStorage.swift */ = {isa = PBXFileReference; lastKnownFileType = sourcecode.swift; path = UserDefaultsStorage.swift; sourceTree = "<group>"; };
		ED364268271757090083D578 /* MainViewModel.swift */ = {isa = PBXFileReference; lastKnownFileType = sourcecode.swift; path = MainViewModel.swift; sourceTree = "<group>"; };
		ED4A3CBB2719B26E00084BB8 /* CasinoViewController.swift */ = {isa = PBXFileReference; lastKnownFileType = sourcecode.swift; path = CasinoViewController.swift; sourceTree = "<group>"; };
		ED4A3CBD271A056000084BB8 /* SettingsViewController.swift */ = {isa = PBXFileReference; lastKnownFileType = sourcecode.swift; path = SettingsViewController.swift; sourceTree = "<group>"; };
		ED4A3CC0271A0A8900084BB8 /* SettingCell.swift */ = {isa = PBXFileReference; lastKnownFileType = sourcecode.swift; path = SettingCell.swift; sourceTree = "<group>"; };
		ED4A3CC7271A315500084BB8 /* ValueAnimator.swift */ = {isa = PBXFileReference; lastKnownFileType = sourcecode.swift; path = ValueAnimator.swift; sourceTree = "<group>"; };
		ED4A3CC9271A50CB00084BB8 /* DetectSectorUtil.swift */ = {isa = PBXFileReference; lastKnownFileType = sourcecode.swift; path = DetectSectorUtil.swift; sourceTree = "<group>"; };
		ED4A3CCC271A795700084BB8 /* HobbyRandomizer-Bridging-Header.h */ = {isa = PBXFileReference; lastKnownFileType = sourcecode.c.h; path = "HobbyRandomizer-Bridging-Header.h"; sourceTree = "<group>"; };
		ED4DF38827188A83007966EE /* CreateHobbyCell.swift */ = {isa = PBXFileReference; lastKnownFileType = sourcecode.swift; path = CreateHobbyCell.swift; sourceTree = "<group>"; };
		ED5A6C4C284FC8DE0028BEED /* MenuCell.swift */ = {isa = PBXFileReference; lastKnownFileType = sourcecode.swift; path = MenuCell.swift; sourceTree = "<group>"; };
		ED5A6C4D284FC8DE0028BEED /* MenuCell.xib */ = {isa = PBXFileReference; lastKnownFileType = file.xib; path = MenuCell.xib; sourceTree = "<group>"; };
		ED5A6C50284FC8F00028BEED /* MenuCellModel.swift */ = {isa = PBXFileReference; lastKnownFileType = sourcecode.swift; path = MenuCellModel.swift; sourceTree = "<group>"; };
		ED5A6C54284FD0370028BEED /* MenuViewController.swift */ = {isa = PBXFileReference; lastKnownFileType = sourcecode.swift; path = MenuViewController.swift; sourceTree = "<group>"; };
		ED5A6C55284FD0370028BEED /* MenuViewController.xib */ = {isa = PBXFileReference; lastKnownFileType = file.xib; path = MenuViewController.xib; sourceTree = "<group>"; };
		ED5A6C59284FD4D00028BEED /* Navigator.swift */ = {isa = PBXFileReference; lastKnownFileType = sourcecode.swift; path = Navigator.swift; sourceTree = "<group>"; };
		ED5A6C5B284FD5000028BEED /* NavigatorImpl.swift */ = {isa = PBXFileReference; lastKnownFileType = sourcecode.swift; path = NavigatorImpl.swift; sourceTree = "<group>"; };
		ED5A6C5D284FD59A0028BEED /* MenuPresenter.swift */ = {isa = PBXFileReference; lastKnownFileType = sourcecode.swift; path = MenuPresenter.swift; sourceTree = "<group>"; };
		ED5A6C60284FE0740028BEED /* InitialViewController.swift */ = {isa = PBXFileReference; lastKnownFileType = sourcecode.swift; path = InitialViewController.swift; sourceTree = "<group>"; };
		ED5A6C61284FE0740028BEED /* InitialViewController.xib */ = {isa = PBXFileReference; lastKnownFileType = file.xib; path = InitialViewController.xib; sourceTree = "<group>"; };
		ED5F112B271772E3006454AD /* CasinoView.swift */ = {isa = PBXFileReference; lastKnownFileType = sourcecode.swift; path = CasinoView.swift; sourceTree = "<group>"; };
		ED5F112D27177470006454AD /* RouleteView.swift */ = {isa = PBXFileReference; lastKnownFileType = sourcecode.swift; path = RouleteView.swift; sourceTree = "<group>"; };
		ED5F112F271774E7006454AD /* RouleteView.xib */ = {isa = PBXFileReference; lastKnownFileType = file.xib; path = RouleteView.xib; sourceTree = "<group>"; };
		ED5F11322717823F006454AD /* BaseRotatableView.swift */ = {isa = PBXFileReference; lastKnownFileType = sourcecode.swift; path = BaseRotatableView.swift; sourceTree = "<group>"; };
		ED5F11342717C689006454AD /* extensions.swift */ = {isa = PBXFileReference; lastKnownFileType = sourcecode.swift; path = extensions.swift; sourceTree = "<group>"; };
		ED5F11372717C963006454AD /* Colors.xcassets */ = {isa = PBXFileReference; lastKnownFileType = folder.assetcatalog; path = Colors.xcassets; sourceTree = "<group>"; };
		ED5F11392717CC15006454AD /* CasinoSelectorView.swift */ = {isa = PBXFileReference; lastKnownFileType = sourcecode.swift; path = CasinoSelectorView.swift; sourceTree = "<group>"; };
		ED6EEF5C2715C6D200D4EFE9 /* HobbyRandomizer.app */ = {isa = PBXFileReference; explicitFileType = wrapper.application; includeInIndex = 0; path = HobbyRandomizer.app; sourceTree = BUILT_PRODUCTS_DIR; };
		ED6EEF5F2715C6D200D4EFE9 /* AppDelegate.swift */ = {isa = PBXFileReference; lastKnownFileType = sourcecode.swift; path = AppDelegate.swift; sourceTree = "<group>"; };
		ED6EEF612715C6D200D4EFE9 /* SceneDelegate.swift */ = {isa = PBXFileReference; lastKnownFileType = sourcecode.swift; path = SceneDelegate.swift; sourceTree = "<group>"; };
		ED6EEF662715C6D200D4EFE9 /* Base */ = {isa = PBXFileReference; lastKnownFileType = file.storyboard; name = Base; path = Base.lproj/Main.storyboard; sourceTree = "<group>"; };
		ED6EEF682715C6D300D4EFE9 /* Assets.xcassets */ = {isa = PBXFileReference; lastKnownFileType = folder.assetcatalog; path = Assets.xcassets; sourceTree = "<group>"; };
		ED6EEF6B2715C6D300D4EFE9 /* Base */ = {isa = PBXFileReference; lastKnownFileType = file.storyboard; name = Base; path = Base.lproj/LaunchScreen.storyboard; sourceTree = "<group>"; };
		ED6EEF6D2715C6D300D4EFE9 /* Info.plist */ = {isa = PBXFileReference; lastKnownFileType = text.plist.xml; name = Info.plist; path = HobbyRandomizer/appComponents/Info.plist; sourceTree = SOURCE_ROOT; };
		ED6EEF752715C75300D4EFE9 /* HobbyModel.swift */ = {isa = PBXFileReference; lastKnownFileType = sourcecode.swift; path = HobbyModel.swift; sourceTree = "<group>"; };
		ED6EEF772715C7DD00D4EFE9 /* RandomizerView.swift */ = {isa = PBXFileReference; lastKnownFileType = sourcecode.swift; path = RandomizerView.swift; sourceTree = "<group>"; };
		EDA90D3C27167630009BDB20 /* SelectorView.swift */ = {isa = PBXFileReference; lastKnownFileType = sourcecode.swift; path = SelectorView.swift; sourceTree = "<group>"; };
		EDD88CDB27354D310042D406 /* ViewDrawUtil.swift */ = {isa = PBXFileReference; lastKnownFileType = sourcecode.swift; path = ViewDrawUtil.swift; sourceTree = "<group>"; };
		EDD88CDD27354F810042D406 /* ViewCalculateUtil.swift */ = {isa = PBXFileReference; lastKnownFileType = sourcecode.swift; path = ViewCalculateUtil.swift; sourceTree = "<group>"; };
/* End PBXFileReference section */

/* Begin PBXFrameworksBuildPhase section */
		ED6EEF592715C6D200D4EFE9 /* Frameworks */ = {
			isa = PBXFrameworksBuildPhase;
			buildActionMask = 2147483647;
			files = (
			);
			runOnlyForDeploymentPostprocessing = 0;
		};
/* End PBXFrameworksBuildPhase section */

/* Begin PBXGroup section */
		ED36425C2717361D0083D578 /* controller */ = {
			isa = PBXGroup;
			children = (
				ED364258271735980083D578 /* TestViewController.swift */,
				ED36425A271735C90083D578 /* MainViewController.swift */,
				ED36425D2717363E0083D578 /* RandomViewController.swift */,
				ED4A3CBB2719B26E00084BB8 /* CasinoViewController.swift */,
				ED4A3CBD271A056000084BB8 /* SettingsViewController.swift */,
			);
			path = controller;
			sourceTree = "<group>";
		};
		ED3642642717536C0083D578 /* storage */ = {
			isa = PBXGroup;
			children = (
				ED364266271755000083D578 /* UserDefaultsStorage.swift */,
			);
			path = storage;
			sourceTree = "<group>";
		};
		ED4A3CBF271A0A6B00084BB8 /* cell */ = {
			isa = PBXGroup;
			children = (
				ED36426027173F490083D578 /* HobbyCell.swift */,
				ED4A3CC0271A0A8900084BB8 /* SettingCell.swift */,
			);
			path = cell;
			sourceTree = "<group>";
		};
		ED4A3CC4271A290000084BB8 /* util */ = {
			isa = PBXGroup;
			children = (
				ED4A3CC7271A315500084BB8 /* ValueAnimator.swift */,
				ED4A3CC9271A50CB00084BB8 /* DetectSectorUtil.swift */,
				ED025990271AFC8300FC8AD7 /* BaseAnimationObserver.swift */,
			);
			path = util;
			sourceTree = "<group>";
		};
		ED4DF3822718757F007966EE /* viewmodel */ = {
			isa = PBXGroup;
			children = (
				ED364268271757090083D578 /* MainViewModel.swift */,
			);
			path = viewmodel;
			sourceTree = "<group>";
		};
		ED4DF3832718758E007966EE /* appComponents */ = {
			isa = PBXGroup;
			children = (
				ED6EEF6D2715C6D300D4EFE9 /* Info.plist */,
				ED5F11372717C963006454AD /* Colors.xcassets */,
				ED6EEF682715C6D300D4EFE9 /* Assets.xcassets */,
				ED6EEF612715C6D200D4EFE9 /* SceneDelegate.swift */,
				ED6EEF5F2715C6D200D4EFE9 /* AppDelegate.swift */,
			);
			path = appComponents;
			sourceTree = "<group>";
		};
		ED4DF384271875C2007966EE /* storyboard */ = {
			isa = PBXGroup;
			children = (
				ED6EEF652715C6D200D4EFE9 /* Main.storyboard */,
				ED6EEF6A2715C6D300D4EFE9 /* LaunchScreen.storyboard */,
			);
			path = storyboard;
			sourceTree = "<group>";
		};
		ED4DF385271875D1007966EE /* extension */ = {
			isa = PBXGroup;
			children = (
				ED5F11342717C689006454AD /* extensions.swift */,
			);
			path = extension;
			sourceTree = "<group>";
		};
		ED5A6C4B284FC8C80028BEED /* Cell */ = {
			isa = PBXGroup;
			children = (
				ED5A6C4C284FC8DE0028BEED /* MenuCell.swift */,
				ED5A6C4D284FC8DE0028BEED /* MenuCell.xib */,
				ED5A6C50284FC8F00028BEED /* MenuCellModel.swift */,
			);
			path = Cell;
			sourceTree = "<group>";
		};
		ED5A6C52284FCFF80028BEED /* screens */ = {
			isa = PBXGroup;
			children = (
				ED5A6C5F284FE0560028BEED /* Initial */,
				ED5A6C53284FD0030028BEED /* Menu */,
			);
			path = screens;
			sourceTree = "<group>";
		};
		ED5A6C53284FD0030028BEED /* Menu */ = {
			isa = PBXGroup;
			children = (
				ED5A6C4B284FC8C80028BEED /* Cell */,
				ED5A6C54284FD0370028BEED /* MenuViewController.swift */,
				ED5A6C55284FD0370028BEED /* MenuViewController.xib */,
				ED5A6C5D284FD59A0028BEED /* MenuPresenter.swift */,
			);
			path = Menu;
			sourceTree = "<group>";
		};
		ED5A6C58284FD4C10028BEED /* navigator */ = {
			isa = PBXGroup;
			children = (
				ED5A6C59284FD4D00028BEED /* Navigator.swift */,
				ED5A6C5B284FD5000028BEED /* NavigatorImpl.swift */,
			);
			path = navigator;
			sourceTree = "<group>";
		};
		ED5A6C5F284FE0560028BEED /* Initial */ = {
			isa = PBXGroup;
			children = (
				ED5A6C60284FE0740028BEED /* InitialViewController.swift */,
				ED5A6C61284FE0740028BEED /* InitialViewController.xib */,
			);
			path = Initial;
			sourceTree = "<group>";
		};
		ED5F113127177A06006454AD /* rotatable */ = {
			isa = PBXGroup;
			children = (
				ED6EEF772715C7DD00D4EFE9 /* RandomizerView.swift */,
				ED5F112B271772E3006454AD /* CasinoView.swift */,
				ED5F11322717823F006454AD /* BaseRotatableView.swift */,
			);
			path = rotatable;
			sourceTree = "<group>";
		};
		ED6EEF532715C6D200D4EFE9 = {
			isa = PBXGroup;
			children = (
				ED6EEF5E2715C6D200D4EFE9 /* HobbyRandomizer */,
				ED6EEF5D2715C6D200D4EFE9 /* Products */,
			);
			sourceTree = "<group>";
		};
		ED6EEF5D2715C6D200D4EFE9 /* Products */ = {
			isa = PBXGroup;
			children = (
				ED6EEF5C2715C6D200D4EFE9 /* HobbyRandomizer.app */,
			);
			name = Products;
			sourceTree = "<group>";
		};
		ED6EEF5E2715C6D200D4EFE9 /* HobbyRandomizer */ = {
			isa = PBXGroup;
			children = (
				ED5A6C58284FD4C10028BEED /* navigator */,
				ED5A6C52284FCFF80028BEED /* screens */,
				ED4DF3832718758E007966EE /* appComponents */,
				ED4A3CC4271A290000084BB8 /* util */,
				ED4DF385271875D1007966EE /* extension */,
				ED4DF384271875C2007966EE /* storyboard */,
				ED4DF3822718757F007966EE /* viewmodel */,
				ED3642642717536C0083D578 /* storage */,
				ED36425C2717361D0083D578 /* controller */,
				ED6EEF742715C74000D4EFE9 /* model */,
				ED6EEF732715C6FF00D4EFE9 /* view */,
			);
			path = HobbyRandomizer;
			sourceTree = "<group>";
		};
		ED6EEF732715C6FF00D4EFE9 /* view */ = {
			isa = PBXGroup;
			children = (
				EDD88CDF273573710042D406 /* selector */,
				EDD88CDA27354D150042D406 /* viewUtils */,
				ED4A3CBF271A0A6B00084BB8 /* cell */,
				ED5F113127177A06006454AD /* rotatable */,
				ED36424A2717121D0083D578 /* CreateIdeaView.swift */,
				ED36424C271712BF0083D578 /* CreateIdeaView.xib */,
				ED36425227171B770083D578 /* RandomizerUtil.swift */,
				ED3642542717209F0083D578 /* RandomizerUtil.xib */,
				ED364256271731D70083D578 /* BangButton.swift */,
				ED36426227174FE80083D578 /* PrettyLabel.swift */,
				ED5F112D27177470006454AD /* RouleteView.swift */,
				ED5F112F271774E7006454AD /* RouleteView.xib */,
				ED4DF38827188A83007966EE /* CreateHobbyCell.swift */,
				ED4A3CCC271A795700084BB8 /* HobbyRandomizer-Bridging-Header.h */,
			);
			path = view;
			sourceTree = "<group>";
		};
		ED6EEF742715C74000D4EFE9 /* model */ = {
			isa = PBXGroup;
			children = (
				ED6EEF752715C75300D4EFE9 /* HobbyModel.swift */,
			);
			path = model;
			sourceTree = "<group>";
		};
		EDD88CDA27354D150042D406 /* viewUtils */ = {
			isa = PBXGroup;
			children = (
				EDD88CDB27354D310042D406 /* ViewDrawUtil.swift */,
				EDD88CDD27354F810042D406 /* ViewCalculateUtil.swift */,
			);
			path = viewUtils;
			sourceTree = "<group>";
		};
		EDD88CDF273573710042D406 /* selector */ = {
			isa = PBXGroup;
			children = (
				ED5F11392717CC15006454AD /* CasinoSelectorView.swift */,
				EDA90D3C27167630009BDB20 /* SelectorView.swift */,
			);
			path = selector;
			sourceTree = "<group>";
		};
/* End PBXGroup section */

/* Begin PBXNativeTarget section */
		ED6EEF5B2715C6D200D4EFE9 /* HobbyRandomizer */ = {
			isa = PBXNativeTarget;
			buildConfigurationList = ED6EEF702715C6D300D4EFE9 /* Build configuration list for PBXNativeTarget "HobbyRandomizer" */;
			buildPhases = (
				ED6EEF582715C6D200D4EFE9 /* Sources */,
				ED6EEF592715C6D200D4EFE9 /* Frameworks */,
				ED6EEF5A2715C6D200D4EFE9 /* Resources */,
			);
			buildRules = (
			);
			dependencies = (
			);
			name = HobbyRandomizer;
			productName = HobbyRandomizer;
			productReference = ED6EEF5C2715C6D200D4EFE9 /* HobbyRandomizer.app */;
			productType = "com.apple.product-type.application";
		};
/* End PBXNativeTarget section */

/* Begin PBXProject section */
		ED6EEF542715C6D200D4EFE9 /* Project object */ = {
			isa = PBXProject;
			attributes = {
				LastSwiftUpdateCheck = 1250;
				LastUpgradeCheck = 1250;
				TargetAttributes = {
					ED6EEF5B2715C6D200D4EFE9 = {
						CreatedOnToolsVersion = 12.5.1;
						LastSwiftMigration = 1250;
					};
				};
			};
			buildConfigurationList = ED6EEF572715C6D200D4EFE9 /* Build configuration list for PBXProject "HobbyRandomizer" */;
			compatibilityVersion = "Xcode 9.3";
			developmentRegion = en;
			hasScannedForEncodings = 0;
			knownRegions = (
				en,
				Base,
			);
			mainGroup = ED6EEF532715C6D200D4EFE9;
			productRefGroup = ED6EEF5D2715C6D200D4EFE9 /* Products */;
			projectDirPath = "";
			projectRoot = "";
			targets = (
				ED6EEF5B2715C6D200D4EFE9 /* HobbyRandomizer */,
			);
		};
/* End PBXProject section */

/* Begin PBXResourcesBuildPhase section */
		ED6EEF5A2715C6D200D4EFE9 /* Resources */ = {
			isa = PBXResourcesBuildPhase;
			buildActionMask = 2147483647;
			files = (
				ED3642552717209F0083D578 /* RandomizerUtil.xib in Resources */,
				ED6EEF6C2715C6D300D4EFE9 /* LaunchScreen.storyboard in Resources */,
				ED5A6C4F284FC8DE0028BEED /* MenuCell.xib in Resources */,
				ED6EEF692715C6D300D4EFE9 /* Assets.xcassets in Resources */,
				ED5A6C57284FD0370028BEED /* MenuViewController.xib in Resources */,
				ED36424D271712BF0083D578 /* CreateIdeaView.xib in Resources */,
				ED6EEF672715C6D200D4EFE9 /* Main.storyboard in Resources */,
				ED5A6C63284FE0740028BEED /* InitialViewController.xib in Resources */,
				ED5F1130271774E7006454AD /* RouleteView.xib in Resources */,
				ED5F11382717C963006454AD /* Colors.xcassets in Resources */,
			);
			runOnlyForDeploymentPostprocessing = 0;
		};
/* End PBXResourcesBuildPhase section */

/* Begin PBXSourcesBuildPhase section */
		ED6EEF582715C6D200D4EFE9 /* Sources */ = {
			isa = PBXSourcesBuildPhase;
			buildActionMask = 2147483647;
			files = (
				ED025991271AFC8300FC8AD7 /* BaseAnimationObserver.swift in Sources */,
				ED5A6C5A284FD4D00028BEED /* Navigator.swift in Sources */,
				ED5A6C4E284FC8DE0028BEED /* MenuCell.swift in Sources */,
				ED5A6C62284FE0740028BEED /* InitialViewController.swift in Sources */,
				ED4A3CC8271A315500084BB8 /* ValueAnimator.swift in Sources */,
				ED5A6C56284FD0370028BEED /* MenuViewController.swift in Sources */,
				ED5F113A2717CC15006454AD /* CasinoSelectorView.swift in Sources */,
				ED364259271735980083D578 /* TestViewController.swift in Sources */,
				ED4A3CC1271A0A8900084BB8 /* SettingCell.swift in Sources */,
				ED36425E2717363E0083D578 /* RandomViewController.swift in Sources */,
				ED4A3CBC2719B26E00084BB8 /* CasinoViewController.swift in Sources */,
				ED6EEF762715C75300D4EFE9 /* HobbyModel.swift in Sources */,
				ED5F112C271772E3006454AD /* CasinoView.swift in Sources */,
				ED36424B2717121D0083D578 /* CreateIdeaView.swift in Sources */,
				EDA90D3D27167630009BDB20 /* SelectorView.swift in Sources */,
				ED4A3CCA271A50CB00084BB8 /* DetectSectorUtil.swift in Sources */,
				ED5F11352717C689006454AD /* extensions.swift in Sources */,
				ED364269271757090083D578 /* MainViewModel.swift in Sources */,
				ED5F112E27177470006454AD /* RouleteView.swift in Sources */,
				ED6EEF602715C6D200D4EFE9 /* AppDelegate.swift in Sources */,
				ED4DF38927188A83007966EE /* CreateHobbyCell.swift in Sources */,
				ED5A6C5C284FD5000028BEED /* NavigatorImpl.swift in Sources */,
				ED36426127173F490083D578 /* HobbyCell.swift in Sources */,
				ED5A6C51284FC8F00028BEED /* MenuCellModel.swift in Sources */,
				ED6EEF622715C6D200D4EFE9 /* SceneDelegate.swift in Sources */,
				ED4A3CBE271A056000084BB8 /* SettingsViewController.swift in Sources */,
				EDD88CDC27354D310042D406 /* ViewDrawUtil.swift in Sources */,
				EDD88CDE27354F810042D406 /* ViewCalculateUtil.swift in Sources */,
				ED364267271755000083D578 /* UserDefaultsStorage.swift in Sources */,
				ED36426327174FE80083D578 /* PrettyLabel.swift in Sources */,
				ED36425327171B770083D578 /* RandomizerUtil.swift in Sources */,
				ED5F11332717823F006454AD /* BaseRotatableView.swift in Sources */,
				ED6EEF782715C7DD00D4EFE9 /* RandomizerView.swift in Sources */,
				ED364257271731D70083D578 /* BangButton.swift in Sources */,
				ED36425B271735C90083D578 /* MainViewController.swift in Sources */,
				ED5A6C5E284FD59A0028BEED /* MenuPresenter.swift in Sources */,
			);
			runOnlyForDeploymentPostprocessing = 0;
		};
/* End PBXSourcesBuildPhase section */

/* Begin PBXVariantGroup section */
		ED6EEF652715C6D200D4EFE9 /* Main.storyboard */ = {
			isa = PBXVariantGroup;
			children = (
				ED6EEF662715C6D200D4EFE9 /* Base */,
			);
			name = Main.storyboard;
			sourceTree = "<group>";
		};
		ED6EEF6A2715C6D300D4EFE9 /* LaunchScreen.storyboard */ = {
			isa = PBXVariantGroup;
			children = (
				ED6EEF6B2715C6D300D4EFE9 /* Base */,
			);
			name = LaunchScreen.storyboard;
			sourceTree = "<group>";
		};
/* End PBXVariantGroup section */

/* Begin XCBuildConfiguration section */
		ED6EEF6E2715C6D300D4EFE9 /* Debug */ = {
			isa = XCBuildConfiguration;
			buildSettings = {
				ALWAYS_SEARCH_USER_PATHS = NO;
				CLANG_ANALYZER_NONNULL = YES;
				CLANG_ANALYZER_NUMBER_OBJECT_CONVERSION = YES_AGGRESSIVE;
				CLANG_CXX_LANGUAGE_STANDARD = "gnu++14";
				CLANG_CXX_LIBRARY = "libc++";
				CLANG_ENABLE_MODULES = YES;
				CLANG_ENABLE_OBJC_ARC = YES;
				CLANG_ENABLE_OBJC_WEAK = YES;
				CLANG_WARN_BLOCK_CAPTURE_AUTORELEASING = YES;
				CLANG_WARN_BOOL_CONVERSION = YES;
				CLANG_WARN_COMMA = YES;
				CLANG_WARN_CONSTANT_CONVERSION = YES;
				CLANG_WARN_DEPRECATED_OBJC_IMPLEMENTATIONS = YES;
				CLANG_WARN_DIRECT_OBJC_ISA_USAGE = YES_ERROR;
				CLANG_WARN_DOCUMENTATION_COMMENTS = YES;
				CLANG_WARN_EMPTY_BODY = YES;
				CLANG_WARN_ENUM_CONVERSION = YES;
				CLANG_WARN_INFINITE_RECURSION = YES;
				CLANG_WARN_INT_CONVERSION = YES;
				CLANG_WARN_NON_LITERAL_NULL_CONVERSION = YES;
				CLANG_WARN_OBJC_IMPLICIT_RETAIN_SELF = YES;
				CLANG_WARN_OBJC_LITERAL_CONVERSION = YES;
				CLANG_WARN_OBJC_ROOT_CLASS = YES_ERROR;
				CLANG_WARN_QUOTED_INCLUDE_IN_FRAMEWORK_HEADER = YES;
				CLANG_WARN_RANGE_LOOP_ANALYSIS = YES;
				CLANG_WARN_STRICT_PROTOTYPES = YES;
				CLANG_WARN_SUSPICIOUS_MOVE = YES;
				CLANG_WARN_UNGUARDED_AVAILABILITY = YES_AGGRESSIVE;
				CLANG_WARN_UNREACHABLE_CODE = YES;
				CLANG_WARN__DUPLICATE_METHOD_MATCH = YES;
				COPY_PHASE_STRIP = NO;
				DEBUG_INFORMATION_FORMAT = dwarf;
				ENABLE_STRICT_OBJC_MSGSEND = YES;
				ENABLE_TESTABILITY = YES;
				GCC_C_LANGUAGE_STANDARD = gnu11;
				GCC_DYNAMIC_NO_PIC = NO;
				GCC_NO_COMMON_BLOCKS = YES;
				GCC_OPTIMIZATION_LEVEL = 0;
				GCC_PREPROCESSOR_DEFINITIONS = (
					"DEBUG=1",
					"$(inherited)",
				);
				GCC_WARN_64_TO_32_BIT_CONVERSION = YES;
				GCC_WARN_ABOUT_RETURN_TYPE = YES_ERROR;
				GCC_WARN_UNDECLARED_SELECTOR = YES;
				GCC_WARN_UNINITIALIZED_AUTOS = YES_AGGRESSIVE;
				GCC_WARN_UNUSED_FUNCTION = YES;
				GCC_WARN_UNUSED_VARIABLE = YES;
				INFOPLIST_FILE = HobbyRandomizer/appComponents/Info.plist;
				IPHONEOS_DEPLOYMENT_TARGET = 14.5;
				MTL_ENABLE_DEBUG_INFO = INCLUDE_SOURCE;
				MTL_FAST_MATH = YES;
				ONLY_ACTIVE_ARCH = YES;
				SDKROOT = iphoneos;
				SWIFT_ACTIVE_COMPILATION_CONDITIONS = DEBUG;
				SWIFT_OPTIMIZATION_LEVEL = "-Onone";
			};
			name = Debug;
		};
		ED6EEF6F2715C6D300D4EFE9 /* Release */ = {
			isa = XCBuildConfiguration;
			buildSettings = {
				ALWAYS_SEARCH_USER_PATHS = NO;
				CLANG_ANALYZER_NONNULL = YES;
				CLANG_ANALYZER_NUMBER_OBJECT_CONVERSION = YES_AGGRESSIVE;
				CLANG_CXX_LANGUAGE_STANDARD = "gnu++14";
				CLANG_CXX_LIBRARY = "libc++";
				CLANG_ENABLE_MODULES = YES;
				CLANG_ENABLE_OBJC_ARC = YES;
				CLANG_ENABLE_OBJC_WEAK = YES;
				CLANG_WARN_BLOCK_CAPTURE_AUTORELEASING = YES;
				CLANG_WARN_BOOL_CONVERSION = YES;
				CLANG_WARN_COMMA = YES;
				CLANG_WARN_CONSTANT_CONVERSION = YES;
				CLANG_WARN_DEPRECATED_OBJC_IMPLEMENTATIONS = YES;
				CLANG_WARN_DIRECT_OBJC_ISA_USAGE = YES_ERROR;
				CLANG_WARN_DOCUMENTATION_COMMENTS = YES;
				CLANG_WARN_EMPTY_BODY = YES;
				CLANG_WARN_ENUM_CONVERSION = YES;
				CLANG_WARN_INFINITE_RECURSION = YES;
				CLANG_WARN_INT_CONVERSION = YES;
				CLANG_WARN_NON_LITERAL_NULL_CONVERSION = YES;
				CLANG_WARN_OBJC_IMPLICIT_RETAIN_SELF = YES;
				CLANG_WARN_OBJC_LITERAL_CONVERSION = YES;
				CLANG_WARN_OBJC_ROOT_CLASS = YES_ERROR;
				CLANG_WARN_QUOTED_INCLUDE_IN_FRAMEWORK_HEADER = YES;
				CLANG_WARN_RANGE_LOOP_ANALYSIS = YES;
				CLANG_WARN_STRICT_PROTOTYPES = YES;
				CLANG_WARN_SUSPICIOUS_MOVE = YES;
				CLANG_WARN_UNGUARDED_AVAILABILITY = YES_AGGRESSIVE;
				CLANG_WARN_UNREACHABLE_CODE = YES;
				CLANG_WARN__DUPLICATE_METHOD_MATCH = YES;
				COPY_PHASE_STRIP = NO;
				DEBUG_INFORMATION_FORMAT = "dwarf-with-dsym";
				ENABLE_NS_ASSERTIONS = NO;
				ENABLE_STRICT_OBJC_MSGSEND = YES;
				GCC_C_LANGUAGE_STANDARD = gnu11;
				GCC_NO_COMMON_BLOCKS = YES;
				GCC_WARN_64_TO_32_BIT_CONVERSION = YES;
				GCC_WARN_ABOUT_RETURN_TYPE = YES_ERROR;
				GCC_WARN_UNDECLARED_SELECTOR = YES;
				GCC_WARN_UNINITIALIZED_AUTOS = YES_AGGRESSIVE;
				GCC_WARN_UNUSED_FUNCTION = YES;
				GCC_WARN_UNUSED_VARIABLE = YES;
				INFOPLIST_FILE = HobbyRandomizer/appComponents/Info.plist;
				IPHONEOS_DEPLOYMENT_TARGET = 14.5;
				MTL_ENABLE_DEBUG_INFO = NO;
				MTL_FAST_MATH = YES;
				SDKROOT = iphoneos;
				SWIFT_COMPILATION_MODE = wholemodule;
				SWIFT_OPTIMIZATION_LEVEL = "-O";
				VALIDATE_PRODUCT = YES;
			};
			name = Release;
		};
		ED6EEF712715C6D300D4EFE9 /* Debug */ = {
			isa = XCBuildConfiguration;
			buildSettings = {
				ASSETCATALOG_COMPILER_APPICON_NAME = AppIcon;
				ASSETCATALOG_COMPILER_GLOBAL_ACCENT_COLOR_NAME = AccentColor;
				CLANG_ENABLE_MODULES = YES;
				CODE_SIGN_STYLE = Automatic;
				DEVELOPMENT_TEAM = 5M2X2PH6A7;
				INFOPLIST_FILE = HobbyRandomizer/appComponents/Info.plist;
				IPHONEOS_DEPLOYMENT_TARGET = 13.6;
				LD_RUNPATH_SEARCH_PATHS = (
					"$(inherited)",
					"@executable_path/Frameworks",
				);
				PRODUCT_BUNDLE_IDENTIFIER = "com.ipinguin-linuxoid.HobbyRandomizer";
				PRODUCT_NAME = "$(TARGET_NAME)";
				SWIFT_OBJC_BRIDGING_HEADER = "HobbyRandomizer/view/HobbyRandomizer-Bridging-Header.h";
				SWIFT_OPTIMIZATION_LEVEL = "-Onone";
				SWIFT_VERSION = 5.0;
				TARGETED_DEVICE_FAMILY = "1,2";
			};
			name = Debug;
		};
		ED6EEF722715C6D300D4EFE9 /* Release */ = {
			isa = XCBuildConfiguration;
			buildSettings = {
				ASSETCATALOG_COMPILER_APPICON_NAME = AppIcon;
				ASSETCATALOG_COMPILER_GLOBAL_ACCENT_COLOR_NAME = AccentColor;
				CLANG_ENABLE_MODULES = YES;
				CODE_SIGN_STYLE = Automatic;
				DEVELOPMENT_TEAM = 5M2X2PH6A7;
				INFOPLIST_FILE = HobbyRandomizer/appComponents/Info.plist;
				IPHONEOS_DEPLOYMENT_TARGET = 13.6;
				LD_RUNPATH_SEARCH_PATHS = (
					"$(inherited)",
					"@executable_path/Frameworks",
				);
				PRODUCT_BUNDLE_IDENTIFIER = "com.ipinguin-linuxoid.HobbyRandomizer";
				PRODUCT_NAME = "$(TARGET_NAME)";
				SWIFT_OBJC_BRIDGING_HEADER = "HobbyRandomizer/view/HobbyRandomizer-Bridging-Header.h";
				SWIFT_VERSION = 5.0;
				TARGETED_DEVICE_FAMILY = "1,2";
			};
			name = Release;
		};
/* End XCBuildConfiguration section */

/* Begin XCConfigurationList section */
		ED6EEF572715C6D200D4EFE9 /* Build configuration list for PBXProject "HobbyRandomizer" */ = {
			isa = XCConfigurationList;
			buildConfigurations = (
				ED6EEF6E2715C6D300D4EFE9 /* Debug */,
				ED6EEF6F2715C6D300D4EFE9 /* Release */,
			);
			defaultConfigurationIsVisible = 0;
			defaultConfigurationName = Release;
		};
		ED6EEF702715C6D300D4EFE9 /* Build configuration list for PBXNativeTarget "HobbyRandomizer" */ = {
			isa = XCConfigurationList;
			buildConfigurations = (
				ED6EEF712715C6D300D4EFE9 /* Debug */,
				ED6EEF722715C6D300D4EFE9 /* Release */,
			);
			defaultConfigurationIsVisible = 0;
			defaultConfigurationName = Release;
		};
/* End XCConfigurationList section */
	};
	rootObject = ED6EEF542715C6D200D4EFE9 /* Project object */;
}
